
Microsoft Visual Studio Solution File, Format Version 12.00
# Visual Studio 15
VisualStudioVersion = 15.0.26124.0
MinimumVisualStudioVersion = 15.0.26124.0
Project("{2150E333-8FDC-42A3-9474-1A3956D46DE8}") = "src", "src", "{75940751-A943-4418-8CB1-63945BFE1EF1}"
EndProject
Project("{FAE04EC0-301F-11D3-BF4B-00C04F79EFBC}") = "P2pNet.Base", "src\P2pNet.Base\P2pNet.Base.csproj", "{79CE6934-C648-41E1-A174-90C788C16402}"
EndProject
Project("{FAE04EC0-301F-11D3-BF4B-00C04F79EFBC}") = "P2pNet.Redis", "src\P2pNet.Redis\P2pNet.Redis.csproj", "{A6E91C03-F3C7-4CB6-890D-1E5A9E96807D}"
EndProject
Project("{FAE04EC0-301F-11D3-BF4B-00C04F79EFBC}") = "P2pNet.ActiveMq", "src\P2pNet.ActiveMq\P2pNet.ActiveMq.csproj", "{0F58F3EE-397C-4DD3-AF52-F00E274EC6BE}"
EndProject
Project("{2150E333-8FDC-42A3-9474-1A3956D46DE8}") = "test", "test", "{BAC417B4-8DE1-4462-8EBA-331C57AE389F}"
EndProject
Project("{FAE04EC0-301F-11D3-BF4B-00C04F79EFBC}") = "P2pNet.Test", "test\P2pNet.Test\P2pNet.Test.csproj", "{9E2D473C-0924-4812-8375-814A8B61068E}"
EndProject
Global
	GlobalSection(SolutionConfigurationPlatforms) = preSolution
		Debug|Any CPU = Debug|Any CPU
		Debug|x64 = Debug|x64
		Debug|x86 = Debug|x86
		Release|Any CPU = Release|Any CPU
		Release|x64 = Release|x64
		Release|x86 = Release|x86
	EndGlobalSection
	GlobalSection(SolutionProperties) = preSolution
		HideSolutionNode = FALSE
	EndGlobalSection
	GlobalSection(ProjectConfigurationPlatforms) = postSolution
		{79CE6934-C648-41E1-A174-90C788C16402}.Debug|Any CPU.ActiveCfg = Debug|Any CPU
		{79CE6934-C648-41E1-A174-90C788C16402}.Debug|Any CPU.Build.0 = Debug|Any CPU
		{79CE6934-C648-41E1-A174-90C788C16402}.Debug|x64.ActiveCfg = Debug|Any CPU
		{79CE6934-C648-41E1-A174-90C788C16402}.Debug|x64.Build.0 = Debug|Any CPU
		{79CE6934-C648-41E1-A174-90C788C16402}.Debug|x86.ActiveCfg = Debug|Any CPU
		{79CE6934-C648-41E1-A174-90C788C16402}.Debug|x86.Build.0 = Debug|Any CPU
		{79CE6934-C648-41E1-A174-90C788C16402}.Release|Any CPU.ActiveCfg = Release|Any CPU
		{79CE6934-C648-41E1-A174-90C788C16402}.Release|Any CPU.Build.0 = Release|Any CPU
		{79CE6934-C648-41E1-A174-90C788C16402}.Release|x64.ActiveCfg = Release|Any CPU
		{79CE6934-C648-41E1-A174-90C788C16402}.Release|x64.Build.0 = Release|Any CPU
		{79CE6934-C648-41E1-A174-90C788C16402}.Release|x86.ActiveCfg = Release|Any CPU
		{79CE6934-C648-41E1-A174-90C788C16402}.Release|x86.Build.0 = Release|Any CPU
		{A6E91C03-F3C7-4CB6-890D-1E5A9E96807D}.Debug|Any CPU.ActiveCfg = Debug|Any CPU
		{A6E91C03-F3C7-4CB6-890D-1E5A9E96807D}.Debug|Any CPU.Build.0 = Debug|Any CPU
		{A6E91C03-F3C7-4CB6-890D-1E5A9E96807D}.Debug|x64.ActiveCfg = Debug|Any CPU
		{A6E91C03-F3C7-4CB6-890D-1E5A9E96807D}.Debug|x64.Build.0 = Debug|Any CPU
		{A6E91C03-F3C7-4CB6-890D-1E5A9E96807D}.Debug|x86.ActiveCfg = Debug|Any CPU
		{A6E91C03-F3C7-4CB6-890D-1E5A9E96807D}.Debug|x86.Build.0 = Debug|Any CPU
		{A6E91C03-F3C7-4CB6-890D-1E5A9E96807D}.Release|Any CPU.ActiveCfg = Release|Any CPU
		{A6E91C03-F3C7-4CB6-890D-1E5A9E96807D}.Release|Any CPU.Build.0 = Release|Any CPU
		{A6E91C03-F3C7-4CB6-890D-1E5A9E96807D}.Release|x64.ActiveCfg = Release|Any CPU
		{A6E91C03-F3C7-4CB6-890D-1E5A9E96807D}.Release|x64.Build.0 = Release|Any CPU
		{A6E91C03-F3C7-4CB6-890D-1E5A9E96807D}.Release|x86.ActiveCfg = Release|Any CPU
		{A6E91C03-F3C7-4CB6-890D-1E5A9E96807D}.Release|x86.Build.0 = Release|Any CPU
		{0F58F3EE-397C-4DD3-AF52-F00E274EC6BE}.Debug|Any CPU.ActiveCfg = Debug|Any CPU
		{0F58F3EE-397C-4DD3-AF52-F00E274EC6BE}.Debug|Any CPU.Build.0 = Debug|Any CPU
		{0F58F3EE-397C-4DD3-AF52-F00E274EC6BE}.Debug|x64.ActiveCfg = Debug|Any CPU
		{0F58F3EE-397C-4DD3-AF52-F00E274EC6BE}.Debug|x64.Build.0 = Debug|Any CPU
		{0F58F3EE-397C-4DD3-AF52-F00E274EC6BE}.Debug|x86.ActiveCfg = Debug|Any CPU
		{0F58F3EE-397C-4DD3-AF52-F00E274EC6BE}.Debug|x86.Build.0 = Debug|Any CPU
		{0F58F3EE-397C-4DD3-AF52-F00E274EC6BE}.Release|Any CPU.ActiveCfg = Release|Any CPU
		{0F58F3EE-397C-4DD3-AF52-F00E274EC6BE}.Release|Any CPU.Build.0 = Release|Any CPU
		{0F58F3EE-397C-4DD3-AF52-F00E274EC6BE}.Release|x64.ActiveCfg = Release|Any CPU
		{0F58F3EE-397C-4DD3-AF52-F00E274EC6BE}.Release|x64.Build.0 = Release|Any CPU
		{0F58F3EE-397C-4DD3-AF52-F00E274EC6BE}.Release|x86.ActiveCfg = Release|Any CPU
		{0F58F3EE-397C-4DD3-AF52-F00E274EC6BE}.Release|x86.Build.0 = Release|Any CPU
		{9E2D473C-0924-4812-8375-814A8B61068E}.Debug|Any CPU.ActiveCfg = Debug|Any CPU
		{9E2D473C-0924-4812-8375-814A8B61068E}.Debug|Any CPU.Build.0 = Debug|Any CPU
		{9E2D473C-0924-4812-8375-814A8B61068E}.Debug|x64.ActiveCfg = Debug|Any CPU
		{9E2D473C-0924-4812-8375-814A8B61068E}.Debug|x64.Build.0 = Debug|Any CPU
		{9E2D473C-0924-4812-8375-814A8B61068E}.Debug|x86.ActiveCfg = Debug|Any CPU
		{9E2D473C-0924-4812-8375-814A8B61068E}.Debug|x86.Build.0 = Debug|Any CPU
		{9E2D473C-0924-4812-8375-814A8B61068E}.Release|Any CPU.ActiveCfg = Release|Any CPU
		{9E2D473C-0924-4812-8375-814A8B61068E}.Release|Any CPU.Build.0 = Release|Any CPU
		{9E2D473C-0924-4812-8375-814A8B61068E}.Release|x64.ActiveCfg = Release|Any CPU
		{9E2D473C-0924-4812-8375-814A8B61068E}.Release|x64.Build.0 = Release|Any CPU
		{9E2D473C-0924-4812-8375-814A8B61068E}.Release|x86.ActiveCfg = Release|Any CPU
		{9E2D473C-0924-4812-8375-814A8B61068E}.Release|x86.Build.0 = Release|Any CPU
	EndGlobalSection
	GlobalSection(NestedProjects) = preSolution
		{79CE6934-C648-41E1-A174-90C788C16402} = {75940751-A943-4418-8CB1-63945BFE1EF1}
		{A6E91C03-F3C7-4CB6-890D-1E5A9E96807D} = {75940751-A943-4418-8CB1-63945BFE1EF1}
		{0F58F3EE-397C-4DD3-AF52-F00E274EC6BE} = {75940751-A943-4418-8CB1-63945BFE1EF1}
		{9E2D473C-0924-4812-8375-814A8B61068E} = {BAC417B4-8DE1-4462-8EBA-331C57AE389F}
	EndGlobalSection
EndGlobal
