
Microsoft Visual Studio Solution File, Format Version 12.00
# Visual Studio 15
VisualStudioVersion = 15.0.26124.0
MinimumVisualStudioVersion = 15.0.26124.0
Project("{FAE04EC0-301F-11D3-BF4B-00C04F79EFBC}") = "P2pNet.Base", "src\P2pNet.Base\P2pNet.Base.csproj", "{99643E21-1C32-4A22-9C1E-8BFD89040DA9}"
EndProject
Project("{FAE04EC0-301F-11D3-BF4B-00C04F79EFBC}") = "P2pNet.ActiveMq", "src\P2pNet.ActiveMq\P2pNet.ActiveMq.csproj", "{7D5BCB90-4D1C-45E5-AD01-2FDA0F9B4BE3}"
EndProject
Project("{FAE04EC0-301F-11D3-BF4B-00C04F79EFBC}") = "P2pNet.Redis", "src\P2pNet.Redis\P2pNet.Redis.csproj", "{2EEC8E8C-806C-4D11-8253-3DFEABDFC7B8}"
EndProject
Project("{2150E333-8FDC-42A3-9474-1A3956D46DE8}") = "tests", "tests", "{EC833D71-D7F1-4877-8A43-DC3FAE303E5B}"
EndProject
Project("{FAE04EC0-301F-11D3-BF4B-00C04F79EFBC}") = "P2pNet.Base.Tests", "tests\P2pNet.Base.Tests\P2pNet.Base.Tests.csproj", "{60368515-2C01-4BD8-A563-73ED2EE315BF}"
EndProject
Project("{FAE04EC0-301F-11D3-BF4B-00C04F79EFBC}") = "P2pNet.Redis.Tests", "tests\P2pNet.Redis.Tests\P2pNet.Redis.Tests.csproj", "{E87FBF79-4C52-4B92-BE68-0A9538EEECE9}"
EndProject
Project("{FAE04EC0-301F-11D3-BF4B-00C04F79EFBC}") = "P2pNet.ActiveMq.Tests", "tests\P2pNet.ActiveMq.Tests\P2pNet.ActiveMq.Tests.csproj", "{32597A1A-6FDF-4D0A-AE89-7D636E3CFC90}"
EndProject
Global
	GlobalSection(SolutionConfigurationPlatforms) = preSolution
		Debug|Any CPU = Debug|Any CPU
		Debug|x64 = Debug|x64
		Debug|x86 = Debug|x86
		Release|Any CPU = Release|Any CPU
		Release|x64 = Release|x64
		Release|x86 = Release|x86
	EndGlobalSection
	GlobalSection(SolutionProperties) = preSolution
		HideSolutionNode = FALSE
	EndGlobalSection
	GlobalSection(ProjectConfigurationPlatforms) = postSolution
		{99643E21-1C32-4A22-9C1E-8BFD89040DA9}.Debug|Any CPU.ActiveCfg = Debug|Any CPU
		{99643E21-1C32-4A22-9C1E-8BFD89040DA9}.Debug|Any CPU.Build.0 = Debug|Any CPU
		{99643E21-1C32-4A22-9C1E-8BFD89040DA9}.Debug|x64.ActiveCfg = Debug|Any CPU
		{99643E21-1C32-4A22-9C1E-8BFD89040DA9}.Debug|x64.Build.0 = Debug|Any CPU
		{99643E21-1C32-4A22-9C1E-8BFD89040DA9}.Debug|x86.ActiveCfg = Debug|Any CPU
		{99643E21-1C32-4A22-9C1E-8BFD89040DA9}.Debug|x86.Build.0 = Debug|Any CPU
		{99643E21-1C32-4A22-9C1E-8BFD89040DA9}.Release|Any CPU.ActiveCfg = Release|Any CPU
		{99643E21-1C32-4A22-9C1E-8BFD89040DA9}.Release|Any CPU.Build.0 = Release|Any CPU
		{99643E21-1C32-4A22-9C1E-8BFD89040DA9}.Release|x64.ActiveCfg = Release|Any CPU
		{99643E21-1C32-4A22-9C1E-8BFD89040DA9}.Release|x64.Build.0 = Release|Any CPU
		{99643E21-1C32-4A22-9C1E-8BFD89040DA9}.Release|x86.ActiveCfg = Release|Any CPU
		{99643E21-1C32-4A22-9C1E-8BFD89040DA9}.Release|x86.Build.0 = Release|Any CPU
		{7D5BCB90-4D1C-45E5-AD01-2FDA0F9B4BE3}.Debug|Any CPU.ActiveCfg = Debug|Any CPU
		{7D5BCB90-4D1C-45E5-AD01-2FDA0F9B4BE3}.Debug|Any CPU.Build.0 = Debug|Any CPU
		{7D5BCB90-4D1C-45E5-AD01-2FDA0F9B4BE3}.Debug|x64.ActiveCfg = Debug|Any CPU
		{7D5BCB90-4D1C-45E5-AD01-2FDA0F9B4BE3}.Debug|x64.Build.0 = Debug|Any CPU
		{7D5BCB90-4D1C-45E5-AD01-2FDA0F9B4BE3}.Debug|x86.ActiveCfg = Debug|Any CPU
		{7D5BCB90-4D1C-45E5-AD01-2FDA0F9B4BE3}.Debug|x86.Build.0 = Debug|Any CPU
		{7D5BCB90-4D1C-45E5-AD01-2FDA0F9B4BE3}.Release|Any CPU.ActiveCfg = Release|Any CPU
		{7D5BCB90-4D1C-45E5-AD01-2FDA0F9B4BE3}.Release|Any CPU.Build.0 = Release|Any CPU
		{7D5BCB90-4D1C-45E5-AD01-2FDA0F9B4BE3}.Release|x64.ActiveCfg = Release|Any CPU
		{7D5BCB90-4D1C-45E5-AD01-2FDA0F9B4BE3}.Release|x64.Build.0 = Release|Any CPU
		{7D5BCB90-4D1C-45E5-AD01-2FDA0F9B4BE3}.Release|x86.ActiveCfg = Release|Any CPU
		{7D5BCB90-4D1C-45E5-AD01-2FDA0F9B4BE3}.Release|x86.Build.0 = Release|Any CPU
		{2EEC8E8C-806C-4D11-8253-3DFEABDFC7B8}.Debug|Any CPU.ActiveCfg = Debug|Any CPU
		{2EEC8E8C-806C-4D11-8253-3DFEABDFC7B8}.Debug|Any CPU.Build.0 = Debug|Any CPU
		{2EEC8E8C-806C-4D11-8253-3DFEABDFC7B8}.Debug|x64.ActiveCfg = Debug|Any CPU
		{2EEC8E8C-806C-4D11-8253-3DFEABDFC7B8}.Debug|x64.Build.0 = Debug|Any CPU
		{2EEC8E8C-806C-4D11-8253-3DFEABDFC7B8}.Debug|x86.ActiveCfg = Debug|Any CPU
		{2EEC8E8C-806C-4D11-8253-3DFEABDFC7B8}.Debug|x86.Build.0 = Debug|Any CPU
		{2EEC8E8C-806C-4D11-8253-3DFEABDFC7B8}.Release|Any CPU.ActiveCfg = Release|Any CPU
		{2EEC8E8C-806C-4D11-8253-3DFEABDFC7B8}.Release|Any CPU.Build.0 = Release|Any CPU
		{2EEC8E8C-806C-4D11-8253-3DFEABDFC7B8}.Release|x64.ActiveCfg = Release|Any CPU
		{2EEC8E8C-806C-4D11-8253-3DFEABDFC7B8}.Release|x64.Build.0 = Release|Any CPU
		{2EEC8E8C-806C-4D11-8253-3DFEABDFC7B8}.Release|x86.ActiveCfg = Release|Any CPU
		{2EEC8E8C-806C-4D11-8253-3DFEABDFC7B8}.Release|x86.Build.0 = Release|Any CPU
		{60368515-2C01-4BD8-A563-73ED2EE315BF}.Debug|Any CPU.ActiveCfg = Debug|Any CPU
		{60368515-2C01-4BD8-A563-73ED2EE315BF}.Debug|Any CPU.Build.0 = Debug|Any CPU
		{60368515-2C01-4BD8-A563-73ED2EE315BF}.Debug|x64.ActiveCfg = Debug|Any CPU
		{60368515-2C01-4BD8-A563-73ED2EE315BF}.Debug|x64.Build.0 = Debug|Any CPU
		{60368515-2C01-4BD8-A563-73ED2EE315BF}.Debug|x86.ActiveCfg = Debug|Any CPU
		{60368515-2C01-4BD8-A563-73ED2EE315BF}.Debug|x86.Build.0 = Debug|Any CPU
		{60368515-2C01-4BD8-A563-73ED2EE315BF}.Release|Any CPU.ActiveCfg = Release|Any CPU
		{60368515-2C01-4BD8-A563-73ED2EE315BF}.Release|Any CPU.Build.0 = Release|Any CPU
		{60368515-2C01-4BD8-A563-73ED2EE315BF}.Release|x64.ActiveCfg = Release|Any CPU
		{60368515-2C01-4BD8-A563-73ED2EE315BF}.Release|x64.Build.0 = Release|Any CPU
		{60368515-2C01-4BD8-A563-73ED2EE315BF}.Release|x86.ActiveCfg = Release|Any CPU
		{60368515-2C01-4BD8-A563-73ED2EE315BF}.Release|x86.Build.0 = Release|Any CPU
		{E87FBF79-4C52-4B92-BE68-0A9538EEECE9}.Debug|Any CPU.ActiveCfg = Debug|Any CPU
		{E87FBF79-4C52-4B92-BE68-0A9538EEECE9}.Debug|Any CPU.Build.0 = Debug|Any CPU
		{E87FBF79-4C52-4B92-BE68-0A9538EEECE9}.Debug|x64.ActiveCfg = Debug|Any CPU
		{E87FBF79-4C52-4B92-BE68-0A9538EEECE9}.Debug|x64.Build.0 = Debug|Any CPU
		{E87FBF79-4C52-4B92-BE68-0A9538EEECE9}.Debug|x86.ActiveCfg = Debug|Any CPU
		{E87FBF79-4C52-4B92-BE68-0A9538EEECE9}.Debug|x86.Build.0 = Debug|Any CPU
		{E87FBF79-4C52-4B92-BE68-0A9538EEECE9}.Release|Any CPU.ActiveCfg = Release|Any CPU
		{E87FBF79-4C52-4B92-BE68-0A9538EEECE9}.Release|Any CPU.Build.0 = Release|Any CPU
		{E87FBF79-4C52-4B92-BE68-0A9538EEECE9}.Release|x64.ActiveCfg = Release|Any CPU
		{E87FBF79-4C52-4B92-BE68-0A9538EEECE9}.Release|x64.Build.0 = Release|Any CPU
		{E87FBF79-4C52-4B92-BE68-0A9538EEECE9}.Release|x86.ActiveCfg = Release|Any CPU
		{E87FBF79-4C52-4B92-BE68-0A9538EEECE9}.Release|x86.Build.0 = Release|Any CPU
		{32597A1A-6FDF-4D0A-AE89-7D636E3CFC90}.Debug|Any CPU.ActiveCfg = Debug|Any CPU
		{32597A1A-6FDF-4D0A-AE89-7D636E3CFC90}.Debug|Any CPU.Build.0 = Debug|Any CPU
		{32597A1A-6FDF-4D0A-AE89-7D636E3CFC90}.Debug|x64.ActiveCfg = Debug|Any CPU
		{32597A1A-6FDF-4D0A-AE89-7D636E3CFC90}.Debug|x64.Build.0 = Debug|Any CPU
		{32597A1A-6FDF-4D0A-AE89-7D636E3CFC90}.Debug|x86.ActiveCfg = Debug|Any CPU
		{32597A1A-6FDF-4D0A-AE89-7D636E3CFC90}.Debug|x86.Build.0 = Debug|Any CPU
		{32597A1A-6FDF-4D0A-AE89-7D636E3CFC90}.Release|Any CPU.ActiveCfg = Release|Any CPU
		{32597A1A-6FDF-4D0A-AE89-7D636E3CFC90}.Release|Any CPU.Build.0 = Release|Any CPU
		{32597A1A-6FDF-4D0A-AE89-7D636E3CFC90}.Release|x64.ActiveCfg = Release|Any CPU
		{32597A1A-6FDF-4D0A-AE89-7D636E3CFC90}.Release|x64.Build.0 = Release|Any CPU
		{32597A1A-6FDF-4D0A-AE89-7D636E3CFC90}.Release|x86.ActiveCfg = Release|Any CPU
		{32597A1A-6FDF-4D0A-AE89-7D636E3CFC90}.Release|x86.Build.0 = Release|Any CPU
	EndGlobalSection
	GlobalSection(NestedProjects) = preSolution
		{60368515-2C01-4BD8-A563-73ED2EE315BF} = {EC833D71-D7F1-4877-8A43-DC3FAE303E5B}
		{E87FBF79-4C52-4B92-BE68-0A9538EEECE9} = {EC833D71-D7F1-4877-8A43-DC3FAE303E5B}
		{32597A1A-6FDF-4D0A-AE89-7D636E3CFC90} = {EC833D71-D7F1-4877-8A43-DC3FAE303E5B}
	EndGlobalSection
EndGlobal
